<?xml version="1.0" encoding="UTF-8"?>
<Scheme
   LastUpgradeVersion = "0630"
   version = "2.0">
   <BuildAction
      parallelizeBuildables = "YES"
      buildImplicitDependencies = "YES">
      <BuildActionEntries>
         <BuildActionEntry
            buildForTesting = "YES"
            buildForRunning = "YES"
            buildForProfiling = "YES"
            buildForArchiving = "YES"
            buildForAnalyzing = "YES">
            <BuildableReference
               BuildableIdentifier = "primary"
               BlueprintIdentifier = "4206E1C21B19E72600ACA0FD"
               BuildableName = "BeaconReceiver WatchKit App.app"
               BlueprintName = "BeaconReceiver WatchKit App"
               ReferencedContainer = "container:BeaconReceiver.xcodeproj">
            </BuildableReference>
         </BuildActionEntry>
         <BuildActionEntry
            buildForTesting = "YES"
            buildForRunning = "YES"
            buildForProfiling = "YES"
            buildForArchiving = "YES"
            buildForAnalyzing = "YES">
            <BuildableReference
               BuildableIdentifier = "primary"
               BlueprintIdentifier = "5060DC241847B47400E99EE6"
               BuildableName = "BeaconReceiver.app"
               BlueprintName = "BeaconReceiver"
               ReferencedContainer = "container:BeaconReceiver.xcodeproj">
            </BuildableReference>
         </BuildActionEntry>
         <BuildActionEntry
            buildForTesting = "YES"
            buildForRunning = "YES"
            buildForProfiling = "YES"
            buildForArchiving = "YES"
            buildForAnalyzing = "YES">
            <BuildableReference
               BuildableIdentifier = "primary"
               BlueprintIdentifier = "4206E1B31B19E72500ACA0FD"
               BuildableName = "BeaconReceiver WatchKit Extension.appex"
               BlueprintName = "BeaconReceiver WatchKit Extension"
               ReferencedContainer = "container:BeaconReceiver.xcodeproj">
            </BuildableReference>
         </BuildActionEntry>
      </BuildActionEntries>
   </BuildAction>
   <TestAction
      selectedDebuggerIdentifier = "Xcode.DebuggerFoundation.Debugger.LLDB"
      selectedLauncherIdentifier = "Xcode.DebuggerFoundation.Launcher.LLDB"
      shouldUseLaunchSchemeArgsEnv = "YES"
      buildConfiguration = "Debug">
      <Testables>
      </Testables>
      <MacroExpansion>
         <BuildableReference
            BuildableIdentifier = "primary"
            BlueprintIdentifier = "4206E1C21B19E72600ACA0FD"
            BuildableName = "BeaconReceiver WatchKit App.app"
            BlueprintName = "BeaconReceiver WatchKit App"
            ReferencedContainer = "container:BeaconReceiver.xcodeproj">
         </BuildableReference>
      </MacroExpansion>
   </TestAction>
   <LaunchAction
      selectedDebuggerIdentifier = "Xcode.DebuggerFoundation.Debugger.LLDB"
      selectedLauncherIdentifier = "Xcode.DebuggerFoundation.Launcher.LLDB"
      launchStyle = "0"
      useCustomWorkingDirectory = "NO"
      buildConfiguration = "Debug"
      ignoresPersistentStateOnLaunch = "NO"
      debugDocumentVersioning = "YES"
      allowLocationSimulation = "YES"
      launchAutomaticallySubstyle = "8"
      notificationPayloadFile = "BeaconReceiver WatchKit Extension/PushNotificationPayload.apns">
      <RemoteRunnable
         runnableDebuggingMode = "2"
         BundleIdentifier = "com.apple.springboard"
         RemotePath = "/BeaconReceiver">
         <BuildableReference
            BuildableIdentifier = "primary"
            BlueprintIdentifier = "4206E1C21B19E72600ACA0FD"
            BuildableName = "BeaconReceiver WatchKit App.app"
            BlueprintName = "BeaconReceiver WatchKit App"
            ReferencedContainer = "container:BeaconReceiver.xcodeproj">
         </BuildableReference>
      </RemoteRunnable>
      <MacroExpansion>
         <BuildableReference
            BuildableIdentifier = "primary"
            BlueprintIdentifier = "4206E1C21B19E72600ACA0FD"
            BuildableName = "BeaconReceiver WatchKit App.app"
            BlueprintName = "BeaconReceiver WatchKit App"
            ReferencedContainer = "container:BeaconReceiver.xcodeproj">
         </BuildableReference>
      </MacroExpansion>
      <AdditionalOptions>
      </AdditionalOptions>
   </LaunchAction>
   <ProfileAction
      shouldUseLaunchSchemeArgsEnv = "YES"
      savedToolIdentifier = ""
      useCustomWorkingDirectory = "NO"
      buildConfiguration = "Release"
      debugDocumentVersioning = "YES"
      launchAutomaticallySubstyle = "8"
      notificationPayloadFile = "BeaconReceiver WatchKit Extension/PushNotificationPayload.apns">
      <RemoteRunnable
         runnableDebuggingMode = "2"
         BundleIdentifier = "com.apple.springboard"
         RemotePath = "/BeaconReceiver">
         <BuildableReference
            BuildableIdentifier = "primary"
            BlueprintIdentifier = "4206E1C21B19E72600ACA0FD"
            BuildableName = "BeaconReceiver WatchKit App.app"
            BlueprintName = "BeaconReceiver WatchKit App"
            ReferencedContainer = "container:BeaconReceiver.xcodeproj">
         </BuildableReference>
      </RemoteRunnable>
      <MacroExpansion>
         <BuildableReference
            BuildableIdentifier = "primary"
            BlueprintIdentifier = "4206E1C21B19E72600ACA0FD"
            BuildableName = "BeaconReceiver WatchKit App.app"
            BlueprintName = "BeaconReceiver WatchKit App"
            ReferencedContainer = "container:BeaconReceiver.xcodeproj">
         </BuildableReference>
      </MacroExpansion>
   </ProfileAction>
   <AnalyzeAction
      buildConfiguration = "Debug">
   </AnalyzeAction>
   <ArchiveAction
      buildConfiguration = "Release"
      revealArchiveInOrganizer = "YES">
   </ArchiveAction>
</Scheme>
